
Microsoft Visual Studio Solution File, Format Version 12.00
# Visual Studio Version 17
VisualStudioVersion = 17.0.32126.317
MinimumVisualStudioVersion = 10.0.40219.1
Project("{9A19103F-16F7-4668-BE54-9A1E7A4F7556}") = "WebShop", "WebShop.csproj", "{9142856F-FBFE-4E82-B5A8-BE71A3580AFF}"
EndProject
Project("{FAE04EC0-301F-11D3-BF4B-00C04F79EFBC}") = "WebShopCommon", "..\WebShopCommon\WebShopCommon.csproj", "{8DD164E7-B6FA-4CC7-93A8-B8580D1CD336}"
EndProject
Global
	GlobalSection(SolutionConfigurationPlatforms) = preSolution
		Debug|Any CPU = Debug|Any CPU
		Release|Any CPU = Release|Any CPU
	EndGlobalSection
	GlobalSection(ProjectConfigurationPlatforms) = postSolution
		{9142856F-FBFE-4E82-B5A8-BE71A3580AFF}.Debug|Any CPU.ActiveCfg = Debug|Any CPU
		{9142856F-FBFE-4E82-B5A8-BE71A3580AFF}.Debug|Any CPU.Build.0 = Debug|Any CPU
		{9142856F-FBFE-4E82-B5A8-BE71A3580AFF}.Release|Any CPU.ActiveCfg = Release|Any CPU
		{9142856F-FBFE-4E82-B5A8-BE71A3580AFF}.Release|Any CPU.Build.0 = Release|Any CPU
		{8DD164E7-B6FA-4CC7-93A8-B8580D1CD336}.Debug|Any CPU.ActiveCfg = Debug|Any CPU
		{8DD164E7-B6FA-4CC7-93A8-B8580D1CD336}.Debug|Any CPU.Build.0 = Debug|Any CPU
		{8DD164E7-B6FA-4CC7-93A8-B8580D1CD336}.Release|Any CPU.ActiveCfg = Release|Any CPU
		{8DD164E7-B6FA-4CC7-93A8-B8580D1CD336}.Release|Any CPU.Build.0 = Release|Any CPU
	EndGlobalSection
	GlobalSection(SolutionProperties) = preSolution
		HideSolutionNode = FALSE
	EndGlobalSection
	GlobalSection(ExtensibilityGlobals) = postSolution
		SolutionGuid = {1B102185-2FBA-4EDB-B228-40CEB052A0B5}
	EndGlobalSection
EndGlobal
